Microsoft Visual Studio Solution File, Format Version 12.00
# Visual Studio Version 17
VisualStudioVersion = 17.5.2.0
MinimumVisualStudioVersion = 10.0.40219.1
Project("{FAE04EC0-301F-11D3-BF4B-00C04F79EFBC}") = "Menu.Api", "Menu.Api.csproj", "{A1624FE9-E281-151B-60AC-3FDCE3FCEF7C}"
EndProject
Global
	GlobalSection(SolutionConfigurationPlatforms) = preSolution
		Debug|Any CPU = Debug|Any CPU
		Release|Any CPU = Release|Any CPU
	EndGlobalSection
	GlobalSection(ProjectConfigurationPlatforms) = postSolution
		{A1624FE9-E281-151B-60AC-3FDCE3FCEF7C}.Debug|Any CPU.ActiveCfg = Debug|Any CPU
		{A1624FE9-E281-151B-60AC-3FDCE3FCEF7C}.Debug|Any CPU.Build.0 = Debug|Any CPU
		{A1624FE9-E281-151B-60AC-3FDCE3FCEF7C}.Release|Any CPU.ActiveCfg = Release|Any CPU
		{A1624FE9-E281-151B-60AC-3FDCE3FCEF7C}.Release|Any CPU.Build.0 = Release|Any CPU
	EndGlobalSection
	GlobalSection(SolutionProperties) = preSolution
		HideSolutionNode = FALSE
	EndGlobalSection
	GlobalSection(ExtensibilityGlobals) = postSolution
		SolutionGuid = {14E80E52-8E04-4444-AB4F-6FA96C9AC061}
	EndGlobalSection
EndGlobal
